<?xml version="1.0" encoding="utf-8"?>
<Project ToolsVersion="4.0" xmlns="http://schemas.microsoft.com/developer/msbuild/2003">
  <ItemGroup>
    <Filter Include="리소스 파일">
      <UniqueIdentifier>{67DA6AB6-F800-4c08-8B7A-83BB121AAD01}</UniqueIdentifier>
      <Extensions>rc;ico;cur;bmp;dlg;rc2;rct;bin;rgs;gif;jpg;jpeg;jpe;resx;tiff;tif;png;wav;mfcribbon-ms</Extensions>
    </Filter>
    <Filter Include="HTTPLib">
      <UniqueIdentifier>{702cfda4-50f9-4a5b-91aa-175d956cc7a8}</UniqueIdentifier>
    </Filter>
    <Filter Include="Utillity">
      <UniqueIdentifier>{68753ad4-0c7e-4a66-86c2-5b33ca5492c7}</UniqueIdentifier>
    </Filter>
    <Filter Include="PrecompiledHeader">
      <UniqueIdentifier>{82c501cf-3435-4be4-be7c-9a018fc68b50}</UniqueIdentifier>
    </Filter>
  </ItemGroup>
  <ItemGroup>
    <ClInclude Include="CircularBuffer.h" />
    <ClInclude Include="Logger.h" />
    <ClInclude Include="happyhttp.h">
      <Filter>HTTPLib</Filter>
    </ClInclude>
    <ClInclude Include="HttpNetwork.h" />
    <ClInclude Include="IOCPNetwork.h" />
    <ClInclude Include="Session.h" />
    <ClInclude Include="SessionPool.h" />
    <ClInclude Include="ErrorCode.h" />
    <ClInclude Include="SeverProperty.h" />
    <ClInclude Include="..\..\..\ThirdPartylib\nlohmann_Json\json.hpp">
      <Filter>Utillity</Filter>
    </ClInclude>
    <ClInclude Include="pch.h">
      <Filter>PrecompiledHeader</Filter>
    </ClInclude>
  </ItemGroup>
  <ItemGroup>
    <ClCompile Include="CircularBuffer.cpp" />
    <ClCompile Include="Logger.cpp" />
    <ClCompile Include="happyhttp.cpp">
      <Filter>HTTPLib</Filter>
    </ClCompile>
    <ClCompile Include="HttpNetwork.cpp" />
    <ClCompile Include="IOCPNetwork.cpp" />
    <ClCompile Include="Session.cpp" />
    <ClCompile Include="SessionPool.cpp" />
    <ClCompile Include="pch.cpp">
      <Filter>PrecompiledHeader</Filter>
    </ClCompile>
  </ItemGroup>
</Project>