<?xml version="1.0" encoding="utf-8"?>
<Project ToolsVersion="4.0" xmlns="http://schemas.microsoft.com/developer/msbuild/2003">
  <ItemGroup>
    <Filter Include="리소스 파일">
      <UniqueIdentifier>{67DA6AB6-F800-4c08-8B7A-83BB121AAD01}</UniqueIdentifier>
      <Extensions>rc;ico;cur;bmp;dlg;rc2;rct;bin;rgs;gif;jpg;jpeg;jpe;resx;tiff;tif;png;wav;mfcribbon-ms</Extensions>
    </Filter>
    <Filter Include="HTTPLib">
      <UniqueIdentifier>{702cfda4-50f9-4a5b-91aa-175d956cc7a8}</UniqueIdentifier>
    </Filter>
    <Filter Include="Utillity">
      <UniqueIdentifier>{68753ad4-0c7e-4a66-86c2-5b33ca5492c7}</UniqueIdentifier>
    </Filter>
    <Filter Include="Common">
      <UniqueIdentifier>{56a12613-86d2-4b3e-911e-58f1ae804118}</UniqueIdentifier>
    </Filter>
  </ItemGroup>
  <ItemGroup>
    <ClInclude Include="happyhttp.h">
      <Filter>HTTPLib</Filter>
    </ClInclude>
    <ClInclude Include="HttpNetwork.h" />
    <ClInclude Include="IOCPNetwork.h" />
    <ClInclude Include="Session.h" />
    <ClInclude Include="SessionPool.h" />
    <ClInclude Include="ErrorCode.h" />
    <ClInclude Include="..\..\Common\Packet.h">
      <Filter>Common</Filter>
    </ClInclude>
    <ClInclude Include="CircularBuffer.h">
      <Filter>Utillity</Filter>
    </ClInclude>
    <ClInclude Include="Logger.h">
      <Filter>Utillity</Filter>
    </ClInclude>
    <ClInclude Include="PacketRaw.h">
      <Filter>Common</Filter>
    </ClInclude>
    <ClInclude Include="SpinLockGuard.h">
      <Filter>Utillity</Filter>
    </ClInclude>
    <ClInclude Include="MyJsonReader.h" />
    <ClInclude Include="ServerProperty.h" />
  </ItemGroup>
  <ItemGroup>
    <ClCompile Include="happyhttp.cpp">
      <Filter>HTTPLib</Filter>
    </ClCompile>
    <ClCompile Include="HttpNetwork.cpp" />
    <ClCompile Include="IOCPNetwork.cpp" />
    <ClCompile Include="Session.cpp" />
    <ClCompile Include="SessionPool.cpp" />
    <ClCompile Include="..\..\Common\Packet.cpp">
      <Filter>Common</Filter>
    </ClCompile>
    <ClCompile Include="CircularBuffer.cpp">
      <Filter>Utillity</Filter>
    </ClCompile>
    <ClCompile Include="Logger.cpp">
      <Filter>Utillity</Filter>
    </ClCompile>
    <ClCompile Include="..\..\..\ThirdPartylib\json\jsoncpp.cpp">
      <Filter>Utillity</Filter>
    </ClCompile>
  </ItemGroup>
</Project>